
Microsoft Visual Studio Solution File, Format Version 12.00
# Visual Studio 15
VisualStudioVersion = 15.0.28010.2036
MinimumVisualStudioVersion = 10.0.40219.1
Project("{FAE04EC0-301F-11D3-BF4B-00C04F79EFBC}") = "TTSTest", "TTSTest.csproj", "{D5C29686-3DE9-40E4-856A-8F85786014A6}"
EndProject
Global
	GlobalSection(SolutionConfigurationPlatforms) = preSolution
		Debug|Any CPU = Debug|Any CPU
		Release|Any CPU = Release|Any CPU
	EndGlobalSection
	GlobalSection(ProjectConfigurationPlatforms) = postSolution
		{D5C29686-3DE9-40E4-856A-8F85786014A6}.Debug|Any CPU.ActiveCfg = Debug|Any CPU
		{D5C29686-3DE9-40E4-856A-8F85786014A6}.Debug|Any CPU.Build.0 = Debug|Any CPU
		{D5C29686-3DE9-40E4-856A-8F85786014A6}.Release|Any CPU.ActiveCfg = Release|Any CPU
		{D5C29686-3DE9-40E4-856A-8F85786014A6}.Release|Any CPU.Build.0 = Release|Any CPU
	EndGlobalSection
	GlobalSection(SolutionProperties) = preSolution
		HideSolutionNode = FALSE
	EndGlobalSection
	GlobalSection(ExtensibilityGlobals) = postSolution
		SolutionGuid = {3B68203E-3C63-440B-A60B-C5D84D1E0A22}
	EndGlobalSection
EndGlobal
